
Microsoft Visual Studio Solution File, Format Version 12.00
# Visual Studio Version 16
VisualStudioVersion = 16.0.29613.14
MinimumVisualStudioVersion = 10.0.40219.1
Project("{FAE04EC0-301F-11D3-BF4B-00C04F79EFBC}") = "HealthPort", "HealthPort\HealthPort.csproj", "{E67DD1F2-FF12-436F-A160-D1FC400AA39C}"
EndProject
Global
	GlobalSection(SolutionConfigurationPlatforms) = preSolution
		Debug|Any CPU = Debug|Any CPU
		Release|Any CPU = Release|Any CPU
	EndGlobalSection
	GlobalSection(ProjectConfigurationPlatforms) = postSolution
		{E67DD1F2-FF12-436F-A160-D1FC400AA39C}.Debug|Any CPU.ActiveCfg = Debug|Any CPU
		{E67DD1F2-FF12-436F-A160-D1FC400AA39C}.Debug|Any CPU.Build.0 = Debug|Any CPU
		{E67DD1F2-FF12-436F-A160-D1FC400AA39C}.Release|Any CPU.ActiveCfg = Release|Any CPU
		{E67DD1F2-FF12-436F-A160-D1FC400AA39C}.Release|Any CPU.Build.0 = Release|Any CPU
	EndGlobalSection
	GlobalSection(SolutionProperties) = preSolution
		HideSolutionNode = FALSE
	EndGlobalSection
	GlobalSection(ExtensibilityGlobals) = postSolution
		SolutionGuid = {93A8C1DD-EA2B-4DD5-AC07-C453D7B58646}
	EndGlobalSection
EndGlobal
